
Microsoft Visual Studio Solution File, Format Version 12.00
# Visual Studio Version 16
VisualStudioVersion = 16.0.30523.141
MinimumVisualStudioVersion = 10.0.40219.1
Project("{9A19103F-16F7-4668-BE54-9A1E7A4F7556}") = "Services.Common", "Services.Common.csproj", "{D1C55381-82C6-4683-A3EC-C7CE8D244F59}"
EndProject
Global
	GlobalSection(SolutionConfigurationPlatforms) = preSolution
		Debug|Any CPU = Debug|Any CPU
		Release|Any CPU = Release|Any CPU
	EndGlobalSection
	GlobalSection(ProjectConfigurationPlatforms) = postSolution
		{D1C55381-82C6-4683-A3EC-C7CE8D244F59}.Debug|Any CPU.ActiveCfg = Debug|Any CPU
		{D1C55381-82C6-4683-A3EC-C7CE8D244F59}.Debug|Any CPU.Build.0 = Debug|Any CPU
		{D1C55381-82C6-4683-A3EC-C7CE8D244F59}.Release|Any CPU.ActiveCfg = Release|Any CPU
		{D1C55381-82C6-4683-A3EC-C7CE8D244F59}.Release|Any CPU.Build.0 = Release|Any CPU
	EndGlobalSection
	GlobalSection(SolutionProperties) = preSolution
		HideSolutionNode = FALSE
	EndGlobalSection
	GlobalSection(ExtensibilityGlobals) = postSolution
		SolutionGuid = {DFD10B78-D044-481B-9EA4-5B5A996305AA}
	EndGlobalSection
EndGlobal
