
Microsoft Visual Studio Solution File, Format Version 12.00
# Visual Studio 15
VisualStudioVersion = 15.0.26124.0
MinimumVisualStudioVersion = 15.0.26124.0
Project("{FAE04EC0-301F-11D3-BF4B-00C04F79EFBC}") = "Services.Api", "Services.Api\Services.Api.csproj", "{4C99744D-D2DF-4C54-8986-BBDF169F96DF}"
EndProject
Project("{FAE04EC0-301F-11D3-BF4B-00C04F79EFBC}") = "Services.BalContext", "Services.BalContext\Services.BalContext.csproj", "{A3BD826A-2A34-43DF-A0FB-3C843AAA8C44}"
EndProject
Project("{FAE04EC0-301F-11D3-BF4B-00C04F79EFBC}") = "Services.DalContext", "Services.DalContext\Services.DalContext.csproj", "{AE481A58-4BDA-406D-BABB-C3ADE7609C20}"
EndProject
Project("{FAE04EC0-301F-11D3-BF4B-00C04F79EFBC}") = "Services.Common", "Services.Common\Services.Common.csproj", "{603FDBD2-7AB2-4130-94ED-8B50AADC4DEE}"
EndProject
Global
	GlobalSection(SolutionConfigurationPlatforms) = preSolution
		Debug|Any CPU = Debug|Any CPU
		Debug|x64 = Debug|x64
		Debug|x86 = Debug|x86
		Release|Any CPU = Release|Any CPU
		Release|x64 = Release|x64
		Release|x86 = Release|x86
	EndGlobalSection
	GlobalSection(SolutionProperties) = preSolution
		HideSolutionNode = FALSE
	EndGlobalSection
	GlobalSection(ProjectConfigurationPlatforms) = postSolution
		{4C99744D-D2DF-4C54-8986-BBDF169F96DF}.Debug|Any CPU.ActiveCfg = Debug|Any CPU
		{4C99744D-D2DF-4C54-8986-BBDF169F96DF}.Debug|Any CPU.Build.0 = Debug|Any CPU
		{4C99744D-D2DF-4C54-8986-BBDF169F96DF}.Debug|x64.ActiveCfg = Debug|Any CPU
		{4C99744D-D2DF-4C54-8986-BBDF169F96DF}.Debug|x64.Build.0 = Debug|Any CPU
		{4C99744D-D2DF-4C54-8986-BBDF169F96DF}.Debug|x86.ActiveCfg = Debug|Any CPU
		{4C99744D-D2DF-4C54-8986-BBDF169F96DF}.Debug|x86.Build.0 = Debug|Any CPU
		{4C99744D-D2DF-4C54-8986-BBDF169F96DF}.Release|Any CPU.ActiveCfg = Release|Any CPU
		{4C99744D-D2DF-4C54-8986-BBDF169F96DF}.Release|Any CPU.Build.0 = Release|Any CPU
		{4C99744D-D2DF-4C54-8986-BBDF169F96DF}.Release|x64.ActiveCfg = Release|Any CPU
		{4C99744D-D2DF-4C54-8986-BBDF169F96DF}.Release|x64.Build.0 = Release|Any CPU
		{4C99744D-D2DF-4C54-8986-BBDF169F96DF}.Release|x86.ActiveCfg = Release|Any CPU
		{4C99744D-D2DF-4C54-8986-BBDF169F96DF}.Release|x86.Build.0 = Release|Any CPU
		{A3BD826A-2A34-43DF-A0FB-3C843AAA8C44}.Debug|Any CPU.ActiveCfg = Debug|Any CPU
		{A3BD826A-2A34-43DF-A0FB-3C843AAA8C44}.Debug|Any CPU.Build.0 = Debug|Any CPU
		{A3BD826A-2A34-43DF-A0FB-3C843AAA8C44}.Debug|x64.ActiveCfg = Debug|Any CPU
		{A3BD826A-2A34-43DF-A0FB-3C843AAA8C44}.Debug|x64.Build.0 = Debug|Any CPU
		{A3BD826A-2A34-43DF-A0FB-3C843AAA8C44}.Debug|x86.ActiveCfg = Debug|Any CPU
		{A3BD826A-2A34-43DF-A0FB-3C843AAA8C44}.Debug|x86.Build.0 = Debug|Any CPU
		{A3BD826A-2A34-43DF-A0FB-3C843AAA8C44}.Release|Any CPU.ActiveCfg = Release|Any CPU
		{A3BD826A-2A34-43DF-A0FB-3C843AAA8C44}.Release|Any CPU.Build.0 = Release|Any CPU
		{A3BD826A-2A34-43DF-A0FB-3C843AAA8C44}.Release|x64.ActiveCfg = Release|Any CPU
		{A3BD826A-2A34-43DF-A0FB-3C843AAA8C44}.Release|x64.Build.0 = Release|Any CPU
		{A3BD826A-2A34-43DF-A0FB-3C843AAA8C44}.Release|x86.ActiveCfg = Release|Any CPU
		{A3BD826A-2A34-43DF-A0FB-3C843AAA8C44}.Release|x86.Build.0 = Release|Any CPU
		{AE481A58-4BDA-406D-BABB-C3ADE7609C20}.Debug|Any CPU.ActiveCfg = Debug|Any CPU
		{AE481A58-4BDA-406D-BABB-C3ADE7609C20}.Debug|Any CPU.Build.0 = Debug|Any CPU
		{AE481A58-4BDA-406D-BABB-C3ADE7609C20}.Debug|x64.ActiveCfg = Debug|Any CPU
		{AE481A58-4BDA-406D-BABB-C3ADE7609C20}.Debug|x64.Build.0 = Debug|Any CPU
		{AE481A58-4BDA-406D-BABB-C3ADE7609C20}.Debug|x86.ActiveCfg = Debug|Any CPU
		{AE481A58-4BDA-406D-BABB-C3ADE7609C20}.Debug|x86.Build.0 = Debug|Any CPU
		{AE481A58-4BDA-406D-BABB-C3ADE7609C20}.Release|Any CPU.ActiveCfg = Release|Any CPU
		{AE481A58-4BDA-406D-BABB-C3ADE7609C20}.Release|Any CPU.Build.0 = Release|Any CPU
		{AE481A58-4BDA-406D-BABB-C3ADE7609C20}.Release|x64.ActiveCfg = Release|Any CPU
		{AE481A58-4BDA-406D-BABB-C3ADE7609C20}.Release|x64.Build.0 = Release|Any CPU
		{AE481A58-4BDA-406D-BABB-C3ADE7609C20}.Release|x86.ActiveCfg = Release|Any CPU
		{AE481A58-4BDA-406D-BABB-C3ADE7609C20}.Release|x86.Build.0 = Release|Any CPU
		{603FDBD2-7AB2-4130-94ED-8B50AADC4DEE}.Debug|Any CPU.ActiveCfg = Debug|Any CPU
		{603FDBD2-7AB2-4130-94ED-8B50AADC4DEE}.Debug|Any CPU.Build.0 = Debug|Any CPU
		{603FDBD2-7AB2-4130-94ED-8B50AADC4DEE}.Debug|x64.ActiveCfg = Debug|Any CPU
		{603FDBD2-7AB2-4130-94ED-8B50AADC4DEE}.Debug|x64.Build.0 = Debug|Any CPU
		{603FDBD2-7AB2-4130-94ED-8B50AADC4DEE}.Debug|x86.ActiveCfg = Debug|Any CPU
		{603FDBD2-7AB2-4130-94ED-8B50AADC4DEE}.Debug|x86.Build.0 = Debug|Any CPU
		{603FDBD2-7AB2-4130-94ED-8B50AADC4DEE}.Release|Any CPU.ActiveCfg = Release|Any CPU
		{603FDBD2-7AB2-4130-94ED-8B50AADC4DEE}.Release|Any CPU.Build.0 = Release|Any CPU
		{603FDBD2-7AB2-4130-94ED-8B50AADC4DEE}.Release|x64.ActiveCfg = Release|Any CPU
		{603FDBD2-7AB2-4130-94ED-8B50AADC4DEE}.Release|x64.Build.0 = Release|Any CPU
		{603FDBD2-7AB2-4130-94ED-8B50AADC4DEE}.Release|x86.ActiveCfg = Release|Any CPU
		{603FDBD2-7AB2-4130-94ED-8B50AADC4DEE}.Release|x86.Build.0 = Release|Any CPU
	EndGlobalSection
EndGlobal
